
Microsoft Visual Studio Solution File, Format Version 12.00
# Visual Studio Version 16
VisualStudioVersion = 16.0.31402.337
MinimumVisualStudioVersion = 10.0.40219.1
Project("{9A19103F-16F7-4668-BE54-9A1E7A4F7556}") = "MyBank", "MyBank.csproj", "{0E589655-99C5-4293-8269-1BBE04970A0D}"
EndProject
Global
	GlobalSection(SolutionConfigurationPlatforms) = preSolution
		Debug|Any CPU = Debug|Any CPU
		Release|Any CPU = Release|Any CPU
	EndGlobalSection
	GlobalSection(ProjectConfigurationPlatforms) = postSolution
		{0E589655-99C5-4293-8269-1BBE04970A0D}.Debug|Any CPU.ActiveCfg = Debug|Any CPU
		{0E589655-99C5-4293-8269-1BBE04970A0D}.Debug|Any CPU.Build.0 = Debug|Any CPU
		{0E589655-99C5-4293-8269-1BBE04970A0D}.Release|Any CPU.ActiveCfg = Release|Any CPU
		{0E589655-99C5-4293-8269-1BBE04970A0D}.Release|Any CPU.Build.0 = Release|Any CPU
	EndGlobalSection
	GlobalSection(SolutionProperties) = preSolution
		HideSolutionNode = FALSE
	EndGlobalSection
	GlobalSection(ExtensibilityGlobals) = postSolution
		SolutionGuid = {6E74451A-C102-4EC7-91F6-287B3E726445}
	EndGlobalSection
EndGlobal
